// !$*UTF8*$!
{
	archiveVersion = 1;
	classes = {
	};
	objectVersion = 50;
	objects = {

/* Begin PBXBuildFile section */
		261DEA892476E70E0038DB46 /* TimePeriodPicker.swift in Sources */ = {isa = PBXBuildFile; fileRef = 261DEA882476E70E0038DB46 /* TimePeriodPicker.swift */; };
		26325F93246C7AD300586A5D /* CalorieCountingKit.framework in Frameworks */ = {isa = PBXBuildFile; fileRef = 2666131C246B986E00CC1D57 /* CalorieCountingKit.framework */; };
		26325F94246C7AD300586A5D /* CalorieCountingKit.framework in Embed Frameworks */ = {isa = PBXBuildFile; fileRef = 2666131C246B986E00CC1D57 /* CalorieCountingKit.framework */; settings = {ATTRIBUTES = (CodeSignOnCopy, RemoveHeadersOnCopy, ); }; };
		26325FB2246C7D6000586A5D /* App.xcconfig in Resources */ = {isa = PBXBuildFile; fileRef = 26325FAD246C7D6000586A5D /* App.xcconfig */; };
		26325FB3246C7D6000586A5D /* Common.xcconfig in Resources */ = {isa = PBXBuildFile; fileRef = 26325FAE246C7D6000586A5D /* Common.xcconfig */; };
		26325FB4246C7D6000586A5D /* Release.xcconfig in Resources */ = {isa = PBXBuildFile; fileRef = 26325FAF246C7D6000586A5D /* Release.xcconfig */; };
		26325FB5246C7D6000586A5D /* Tests.xcconfig in Resources */ = {isa = PBXBuildFile; fileRef = 26325FB0246C7D6000586A5D /* Tests.xcconfig */; };
		26325FB6246C7D6000586A5D /* Debug.xcconfig in Resources */ = {isa = PBXBuildFile; fileRef = 26325FB1246C7D6000586A5D /* Debug.xcconfig */; };
		2652C689246CD4F900831015 /* Logger.swift in Sources */ = {isa = PBXBuildFile; fileRef = 2652C688246CD4F900831015 /* Logger.swift */; };
		2652C68C246CDFB300831015 /* FoodImageView.swift in Sources */ = {isa = PBXBuildFile; fileRef = 2652C68B246CDFB300831015 /* FoodImageView.swift */; };
		2652C68E246CE36D00831015 /* DataModelExtensions.swift in Sources */ = {isa = PBXBuildFile; fileRef = 2652C68D246CE36D00831015 /* DataModelExtensions.swift */; };
		2652C690246CEEF200831015 /* FoodItemListView.swift in Sources */ = {isa = PBXBuildFile; fileRef = 2652C68F246CEEF200831015 /* FoodItemListView.swift */; };
		26661286246B959300CC1D57 /* AppDelegate.swift in Sources */ = {isa = PBXBuildFile; fileRef = 26661285246B959300CC1D57 /* AppDelegate.swift */; };
		26661288246B959300CC1D57 /* SceneDelegate.swift in Sources */ = {isa = PBXBuildFile; fileRef = 26661287246B959300CC1D57 /* SceneDelegate.swift */; };
		2666128A246B959300CC1D57 /* ContentView.swift in Sources */ = {isa = PBXBuildFile; fileRef = 26661289246B959300CC1D57 /* ContentView.swift */; };
		2666128C246B959400CC1D57 /* Assets.xcassets in Resources */ = {isa = PBXBuildFile; fileRef = 2666128B246B959400CC1D57 /* Assets.xcassets */; };
		2666128F246B959400CC1D57 /* Preview Assets.xcassets in Resources */ = {isa = PBXBuildFile; fileRef = 2666128E246B959400CC1D57 /* Preview Assets.xcassets */; };
		26661292246B959400CC1D57 /* LaunchScreen.storyboard in Resources */ = {isa = PBXBuildFile; fileRef = 26661290246B959400CC1D57 /* LaunchScreen.storyboard */; };
		2666129D246B959500CC1D57 /* CalorieCountingDevAppTests.swift in Sources */ = {isa = PBXBuildFile; fileRef = 2666129C246B959500CC1D57 /* CalorieCountingDevAppTests.swift */; };
		268CF5CC24750EB500896FB8 /* FoodEntryModalView.swift in Sources */ = {isa = PBXBuildFile; fileRef = 268CF5CB24750EB500896FB8 /* FoodEntryModalView.swift */; };
		268CF5F02475195C00896FB8 /* FoodItemRowView.swift in Sources */ = {isa = PBXBuildFile; fileRef = 268CF5EF2475195C00896FB8 /* FoodItemRowView.swift */; };
		2693D87B246DE9FA00299BD3 /* FoodEntryFormView.swift in Sources */ = {isa = PBXBuildFile; fileRef = 2693D87A246DE9FA00299BD3 /* FoodEntryFormView.swift */; };
		26B51AC2246CBE1600862B84 /* DummyData.swift in Sources */ = {isa = PBXBuildFile; fileRef = 26B51AC1246CBE1600862B84 /* DummyData.swift */; };
		26B51AD3246CC08B00862B84 /* hotdog.jpg in Resources */ = {isa = PBXBuildFile; fileRef = 26B51ACE246CC08B00862B84 /* hotdog.jpg */; };
		26B51AD4246CC08B00862B84 /* toast.jpg in Resources */ = {isa = PBXBuildFile; fileRef = 26B51ACF246CC08B00862B84 /* toast.jpg */; };
		26B51AD5246CC08B00862B84 /* carrots.jpg in Resources */ = {isa = PBXBuildFile; fileRef = 26B51AD0246CC08B00862B84 /* carrots.jpg */; };
		26B51AD6246CC08B00862B84 /* eggs.jpg in Resources */ = {isa = PBXBuildFile; fileRef = 26B51AD1246CC08B00862B84 /* eggs.jpg */; };
		26B51AD7246CC08B00862B84 /* burger.jpg in Resources */ = {isa = PBXBuildFile; fileRef = 26B51AD2246CC08B00862B84 /* burger.jpg */; };
		26BF14E9246D1C5E0087BA49 /* DebuggingView.swift in Sources */ = {isa = PBXBuildFile; fileRef = 26BF14E8246D1C5E0087BA49 /* DebuggingView.swift */; };
/* End PBXBuildFile section */

/* Begin PBXContainerItemProxy section */
		26325F8E246C7A5900586A5D /* PBXContainerItemProxy */ = {
			isa = PBXContainerItemProxy;
			containerPortal = 26661316246B986C00CC1D57 /* CalorieCountingKit.xcodeproj */;
			proxyType = 1;
			remoteGlobalIDString = 266612FB246B985600CC1D57;
			remoteInfo = CalorieCountingKit;
		};
		26661299246B959500CC1D57 /* PBXContainerItemProxy */ = {
			isa = PBXContainerItemProxy;
			containerPortal = 2666127A246B959300CC1D57 /* Project object */;
			proxyType = 1;
			remoteGlobalIDString = 26661281246B959300CC1D57;
			remoteInfo = CalorieCountingDevApp;
		};
		2666131B246B986E00CC1D57 /* PBXContainerItemProxy */ = {
			isa = PBXContainerItemProxy;
			containerPortal = 26661316246B986C00CC1D57 /* CalorieCountingKit.xcodeproj */;
			proxyType = 2;
			remoteGlobalIDString = 266612FC246B985600CC1D57;
			remoteInfo = CalorieCountingKit;
		};
		2666131D246B986E00CC1D57 /* PBXContainerItemProxy */ = {
			isa = PBXContainerItemProxy;
			containerPortal = 26661316246B986C00CC1D57 /* CalorieCountingKit.xcodeproj */;
			proxyType = 2;
			remoteGlobalIDString = 26661305246B985600CC1D57;
			remoteInfo = CalorieCountingKitTests;
		};
/* End PBXContainerItemProxy section */

/* Begin PBXCopyFilesBuildPhase section */
		26325F95246C7AD300586A5D /* Embed Frameworks */ = {
			isa = PBXCopyFilesBuildPhase;
			buildActionMask = 2147483647;
			dstPath = "";
			dstSubfolderSpec = 10;
			files = (
				26325F94246C7AD300586A5D /* CalorieCountingKit.framework in Embed Frameworks */,
			);
			name = "Embed Frameworks";
			runOnlyForDeploymentPostprocessing = 0;
		};
/* End PBXCopyFilesBuildPhase section */

/* Begin PBXFileReference section */
		261DEA882476E70E0038DB46 /* TimePeriodPicker.swift */ = {isa = PBXFileReference; lastKnownFileType = sourcecode.swift; path = TimePeriodPicker.swift; sourceTree = "<group>"; };
		26325FAD246C7D6000586A5D /* App.xcconfig */ = {isa = PBXFileReference; fileEncoding = 4; lastKnownFileType = text.xcconfig; path = App.xcconfig; sourceTree = "<group>"; };
		26325FAE246C7D6000586A5D /* Common.xcconfig */ = {isa = PBXFileReference; fileEncoding = 4; lastKnownFileType = text.xcconfig; path = Common.xcconfig; sourceTree = "<group>"; };
		26325FAF246C7D6000586A5D /* Release.xcconfig */ = {isa = PBXFileReference; fileEncoding = 4; lastKnownFileType = text.xcconfig; path = Release.xcconfig; sourceTree = "<group>"; };
		26325FB0246C7D6000586A5D /* Tests.xcconfig */ = {isa = PBXFileReference; fileEncoding = 4; lastKnownFileType = text.xcconfig; path = Tests.xcconfig; sourceTree = "<group>"; };
		26325FB1246C7D6000586A5D /* Debug.xcconfig */ = {isa = PBXFileReference; fileEncoding = 4; lastKnownFileType = text.xcconfig; path = Debug.xcconfig; sourceTree = "<group>"; };
		2652C688246CD4F900831015 /* Logger.swift */ = {isa = PBXFileReference; lastKnownFileType = sourcecode.swift; path = Logger.swift; sourceTree = "<group>"; };
		2652C68B246CDFB300831015 /* FoodImageView.swift */ = {isa = PBXFileReference; lastKnownFileType = sourcecode.swift; path = FoodImageView.swift; sourceTree = "<group>"; };
		2652C68D246CE36D00831015 /* DataModelExtensions.swift */ = {isa = PBXFileReference; lastKnownFileType = sourcecode.swift; path = DataModelExtensions.swift; sourceTree = "<group>"; };
		2652C68F246CEEF200831015 /* FoodItemListView.swift */ = {isa = PBXFileReference; lastKnownFileType = sourcecode.swift; path = FoodItemListView.swift; sourceTree = "<group>"; };
		26661282246B959300CC1D57 /* CalorieCountingDevApp.app */ = {isa = PBXFileReference; explicitFileType = wrapper.application; includeInIndex = 0; path = CalorieCountingDevApp.app; sourceTree = BUILT_PRODUCTS_DIR; };
		26661285246B959300CC1D57 /* AppDelegate.swift */ = {isa = PBXFileReference; lastKnownFileType = sourcecode.swift; path = AppDelegate.swift; sourceTree = "<group>"; };
		26661287246B959300CC1D57 /* SceneDelegate.swift */ = {isa = PBXFileReference; lastKnownFileType = sourcecode.swift; path = SceneDelegate.swift; sourceTree = "<group>"; };
		26661289246B959300CC1D57 /* ContentView.swift */ = {isa = PBXFileReference; lastKnownFileType = sourcecode.swift; path = ContentView.swift; sourceTree = "<group>"; };
		2666128B246B959400CC1D57 /* Assets.xcassets */ = {isa = PBXFileReference; lastKnownFileType = folder.assetcatalog; path = Assets.xcassets; sourceTree = "<group>"; };
		2666128E246B959400CC1D57 /* Preview Assets.xcassets */ = {isa = PBXFileReference; lastKnownFileType = folder.assetcatalog; path = "Preview Assets.xcassets"; sourceTree = "<group>"; };
		26661291246B959400CC1D57 /* Base */ = {isa = PBXFileReference; lastKnownFileType = file.storyboard; name = Base; path = Base.lproj/LaunchScreen.storyboard; sourceTree = "<group>"; };
		26661293246B959400CC1D57 /* Info.plist */ = {isa = PBXFileReference; lastKnownFileType = text.plist.xml; path = Info.plist; sourceTree = "<group>"; };
		26661298246B959500CC1D57 /* CalorieCountingDevAppTests.xctest */ = {isa = PBXFileReference; explicitFileType = wrapper.cfbundle; includeInIndex = 0; path = CalorieCountingDevAppTests.xctest; sourceTree = BUILT_PRODUCTS_DIR; };
		2666129C246B959500CC1D57 /* CalorieCountingDevAppTests.swift */ = {isa = PBXFileReference; lastKnownFileType = sourcecode.swift; path = CalorieCountingDevAppTests.swift; sourceTree = "<group>"; };
		2666129E246B959500CC1D57 /* Info.plist */ = {isa = PBXFileReference; lastKnownFileType = text.plist.xml; path = Info.plist; sourceTree = "<group>"; };
		26661316246B986C00CC1D57 /* CalorieCountingKit.xcodeproj */ = {isa = PBXFileReference; lastKnownFileType = "wrapper.pb-project"; name = CalorieCountingKit.xcodeproj; path = ../CalorieCountingKit/CalorieCountingKit.xcodeproj; sourceTree = "<group>"; };
		268CF5CB24750EB500896FB8 /* FoodEntryModalView.swift */ = {isa = PBXFileReference; lastKnownFileType = sourcecode.swift; path = FoodEntryModalView.swift; sourceTree = "<group>"; };
		268CF5EF2475195C00896FB8 /* FoodItemRowView.swift */ = {isa = PBXFileReference; lastKnownFileType = sourcecode.swift; path = FoodItemRowView.swift; sourceTree = "<group>"; };
		2693D87A246DE9FA00299BD3 /* FoodEntryFormView.swift */ = {isa = PBXFileReference; lastKnownFileType = sourcecode.swift; path = FoodEntryFormView.swift; sourceTree = "<group>"; };
		26B51AC1246CBE1600862B84 /* DummyData.swift */ = {isa = PBXFileReference; lastKnownFileType = sourcecode.swift; path = DummyData.swift; sourceTree = "<group>"; };
		26B51ACE246CC08B00862B84 /* hotdog.jpg */ = {isa = PBXFileReference; lastKnownFileType = image.jpeg; path = hotdog.jpg; sourceTree = "<group>"; };
		26B51ACF246CC08B00862B84 /* toast.jpg */ = {isa = PBXFileReference; lastKnownFileType = image.jpeg; path = toast.jpg; sourceTree = "<group>"; };
		26B51AD0246CC08B00862B84 /* carrots.jpg */ = {isa = PBXFileReference; lastKnownFileType = image.jpeg; path = carrots.jpg; sourceTree = "<group>"; };
		26B51AD1246CC08B00862B84 /* eggs.jpg */ = {isa = PBXFileReference; lastKnownFileType = image.jpeg; path = eggs.jpg; sourceTree = "<group>"; };
		26B51AD2246CC08B00862B84 /* burger.jpg */ = {isa = PBXFileReference; lastKnownFileType = image.jpeg; path = burger.jpg; sourceTree = "<group>"; };
		26BF14E8246D1C5E0087BA49 /* DebuggingView.swift */ = {isa = PBXFileReference; lastKnownFileType = sourcecode.swift; path = DebuggingView.swift; sourceTree = "<group>"; };
/* End PBXFileReference section */

/* Begin PBXFrameworksBuildPhase section */
		2666127F246B959300CC1D57 /* Frameworks */ = {
			isa = PBXFrameworksBuildPhase;
			buildActionMask = 2147483647;
			files = (
				26325F93246C7AD300586A5D /* CalorieCountingKit.framework in Frameworks */,
			);
			runOnlyForDeploymentPostprocessing = 0;
		};
		26661295246B959500CC1D57 /* Frameworks */ = {
			isa = PBXFrameworksBuildPhase;
			buildActionMask = 2147483647;
			files = (
			);
			runOnlyForDeploymentPostprocessing = 0;
		};
/* End PBXFrameworksBuildPhase section */

/* Begin PBXGroup section */
		26325FA1246C7D1700586A5D /* Configurations */ = {
			isa = PBXGroup;
			children = (
				26325FAE246C7D6000586A5D /* Common.xcconfig */,
				26325FB1246C7D6000586A5D /* Debug.xcconfig */,
				26325FAF246C7D6000586A5D /* Release.xcconfig */,
				26325FAD246C7D6000586A5D /* App.xcconfig */,
				26325FB0246C7D6000586A5D /* Tests.xcconfig */,
			);
			path = Configurations;
			sourceTree = "<group>";
		};
		26661279246B959300CC1D57 = {
			isa = PBXGroup;
			children = (
				26325FA1246C7D1700586A5D /* Configurations */,
				266612A8246B95D800CC1D57 /* Dependencies */,
				26661284246B959300CC1D57 /* CalorieCountingDevApp */,
				2666129B246B959500CC1D57 /* CalorieCountingDevAppTests */,
				26661283246B959300CC1D57 /* Products */,
				266612C1246B960A00CC1D57 /* Frameworks */,
			);
			sourceTree = "<group>";
		};
		26661283246B959300CC1D57 /* Products */ = {
			isa = PBXGroup;
			children = (
				26661282246B959300CC1D57 /* CalorieCountingDevApp.app */,
				26661298246B959500CC1D57 /* CalorieCountingDevAppTests.xctest */,
			);
			name = Products;
			sourceTree = "<group>";
		};
		26661284246B959300CC1D57 /* CalorieCountingDevApp */ = {
			isa = PBXGroup;
			children = (
				26B51AC3246CC04500862B84 /* Resources */,
				26661285246B959300CC1D57 /* AppDelegate.swift */,
				26661287246B959300CC1D57 /* SceneDelegate.swift */,
				26B51AC1246CBE1600862B84 /* DummyData.swift */,
				26661289246B959300CC1D57 /* ContentView.swift */,
				2652C68F246CEEF200831015 /* FoodItemListView.swift */,
				268CF5EF2475195C00896FB8 /* FoodItemRowView.swift */,
				2652C68B246CDFB300831015 /* FoodImageView.swift */,
				268CF5CB24750EB500896FB8 /* FoodEntryModalView.swift */,
				2693D87A246DE9FA00299BD3 /* FoodEntryFormView.swift */,
				261DEA882476E70E0038DB46 /* TimePeriodPicker.swift */,
				26BF14E8246D1C5E0087BA49 /* DebuggingView.swift */,
				2652C68D246CE36D00831015 /* DataModelExtensions.swift */,
				2666128B246B959400CC1D57 /* Assets.xcassets */,
				26661290246B959400CC1D57 /* LaunchScreen.storyboard */,
				26661293246B959400CC1D57 /* Info.plist */,
				2666128D246B959400CC1D57 /* Preview Content */,
				2652C688246CD4F900831015 /* Logger.swift */,
			);
			path = CalorieCountingDevApp;
			sourceTree = "<group>";
		};
		2666128D246B959400CC1D57 /* Preview Content */ = {
			isa = PBXGroup;
			children = (
				2666128E246B959400CC1D57 /* Preview Assets.xcassets */,
			);
			path = "Preview Content";
			sourceTree = "<group>";
		};
		2666129B246B959500CC1D57 /* CalorieCountingDevAppTests */ = {
			isa = PBXGroup;
			children = (
				2666129C246B959500CC1D57 /* CalorieCountingDevAppTests.swift */,
				2666129E246B959500CC1D57 /* Info.plist */,
			);
			path = CalorieCountingDevAppTests;
			sourceTree = "<group>";
		};
		266612A8246B95D800CC1D57 /* Dependencies */ = {
			isa = PBXGroup;
			children = (
				26661316246B986C00CC1D57 /* CalorieCountingKit.xcodeproj */,
			);
			name = Dependencies;
			sourceTree = "<group>";
		};
		266612C1246B960A00CC1D57 /* Frameworks */ = {
			isa = PBXGroup;
			children = (
			);
			name = Frameworks;
			sourceTree = "<group>";
		};
		26661317246B986C00CC1D57 /* Products */ = {
			isa = PBXGroup;
			children = (
				2666131C246B986E00CC1D57 /* CalorieCountingKit.framework */,
				2666131E246B986E00CC1D57 /* CalorieCountingKitTests.xctest */,
			);
			name = Products;
			sourceTree = "<group>";
		};
		26B51AC3246CC04500862B84 /* Resources */ = {
			isa = PBXGroup;
			children = (
				26B51AD2246CC08B00862B84 /* burger.jpg */,
				26B51AD0246CC08B00862B84 /* carrots.jpg */,
				26B51AD1246CC08B00862B84 /* eggs.jpg */,
				26B51ACE246CC08B00862B84 /* hotdog.jpg */,
				26B51ACF246CC08B00862B84 /* toast.jpg */,
			);
			path = Resources;
			sourceTree = "<group>";
		};
/* End PBXGroup section */

/* Begin PBXNativeTarget section */
		26661281246B959300CC1D57 /* CalorieCountingDevApp */ = {
			isa = PBXNativeTarget;
			buildConfigurationList = 266612A1246B959500CC1D57 /* Build configuration list for PBXNativeTarget "CalorieCountingDevApp" */;
			buildPhases = (
				2666127E246B959300CC1D57 /* Sources */,
				2666127F246B959300CC1D57 /* Frameworks */,
				26661280246B959300CC1D57 /* Resources */,
				26325F95246C7AD300586A5D /* Embed Frameworks */,
			);
			buildRules = (
			);
			dependencies = (
				26325F8F246C7A5900586A5D /* PBXTargetDependency */,
			);
			name = CalorieCountingDevApp;
			productName = CalorieCountingDevApp;
			productReference = 26661282246B959300CC1D57 /* CalorieCountingDevApp.app */;
			productType = "com.apple.product-type.application";
		};
		26661297246B959500CC1D57 /* CalorieCountingDevAppTests */ = {
			isa = PBXNativeTarget;
			buildConfigurationList = 266612A4246B959500CC1D57 /* Build configuration list for PBXNativeTarget "CalorieCountingDevAppTests" */;
			buildPhases = (
				26661294246B959500CC1D57 /* Sources */,
				26661295246B959500CC1D57 /* Frameworks */,
				26661296246B959500CC1D57 /* Resources */,
			);
			buildRules = (
			);
			dependencies = (
				2666129A246B959500CC1D57 /* PBXTargetDependency */,
			);
			name = CalorieCountingDevAppTests;
			productName = CalorieCountingDevAppTests;
			productReference = 26661298246B959500CC1D57 /* CalorieCountingDevAppTests.xctest */;
			productType = "com.apple.product-type.bundle.unit-test";
		};
/* End PBXNativeTarget section */

/* Begin PBXProject section */
		2666127A246B959300CC1D57 /* Project object */ = {
			isa = PBXProject;
			attributes = {
				LastSwiftUpdateCheck = 1140;
				LastUpgradeCheck = 1140;
				ORGANIZATIONNAME = "Brennan Stehling";
				TargetAttributes = {
					26661281246B959300CC1D57 = {
						CreatedOnToolsVersion = 11.4.1;
					};
					26661297246B959500CC1D57 = {
						CreatedOnToolsVersion = 11.4.1;
						TestTargetID = 26661281246B959300CC1D57;
					};
				};
			};
			buildConfigurationList = 2666127D246B959300CC1D57 /* Build configuration list for PBXProject "CalorieCountingDevApp" */;
			compatibilityVersion = "Xcode 9.3";
			developmentRegion = en;
			hasScannedForEncodings = 0;
			knownRegions = (
				en,
				Base,
			);
			mainGroup = 26661279246B959300CC1D57;
			productRefGroup = 26661283246B959300CC1D57 /* Products */;
			projectDirPath = "";
			projectReferences = (
				{
					ProductGroup = 26661317246B986C00CC1D57 /* Products */;
					ProjectRef = 26661316246B986C00CC1D57 /* CalorieCountingKit.xcodeproj */;
				},
			);
			projectRoot = "";
			targets = (
				26661281246B959300CC1D57 /* CalorieCountingDevApp */,
				26661297246B959500CC1D57 /* CalorieCountingDevAppTests */,
			);
		};
/* End PBXProject section */

/* Begin PBXReferenceProxy section */
		2666131C246B986E00CC1D57 /* CalorieCountingKit.framework */ = {
			isa = PBXReferenceProxy;
			fileType = wrapper.framework;
			path = CalorieCountingKit.framework;
			remoteRef = 2666131B246B986E00CC1D57 /* PBXContainerItemProxy */;
			sourceTree = BUILT_PRODUCTS_DIR;
		};
		2666131E246B986E00CC1D57 /* CalorieCountingKitTests.xctest */ = {
			isa = PBXReferenceProxy;
			fileType = wrapper.cfbundle;
			path = CalorieCountingKitTests.xctest;
			remoteRef = 2666131D246B986E00CC1D57 /* PBXContainerItemProxy */;
			sourceTree = BUILT_PRODUCTS_DIR;
		};
/* End PBXReferenceProxy section */

/* Begin PBXResourcesBuildPhase section */
		26661280246B959300CC1D57 /* Resources */ = {
			isa = PBXResourcesBuildPhase;
			buildActionMask = 2147483647;
			files = (
				26325FB3246C7D6000586A5D /* Common.xcconfig in Resources */,
				26B51AD6246CC08B00862B84 /* eggs.jpg in Resources */,
				26325FB2246C7D6000586A5D /* App.xcconfig in Resources */,
				26B51AD7246CC08B00862B84 /* burger.jpg in Resources */,
				26325FB4246C7D6000586A5D /* Release.xcconfig in Resources */,
				26661292246B959400CC1D57 /* LaunchScreen.storyboard in Resources */,
				26325FB6246C7D6000586A5D /* Debug.xcconfig in Resources */,
				26B51AD5246CC08B00862B84 /* carrots.jpg in Resources */,
				26B51AD3246CC08B00862B84 /* hotdog.jpg in Resources */,
				26325FB5246C7D6000586A5D /* Tests.xcconfig in Resources */,
				2666128F246B959400CC1D57 /* Preview Assets.xcassets in Resources */,
				2666128C246B959400CC1D57 /* Assets.xcassets in Resources */,
				26B51AD4246CC08B00862B84 /* toast.jpg in Resources */,
			);
			runOnlyForDeploymentPostprocessing = 0;
		};
		26661296246B959500CC1D57 /* Resources */ = {
			isa = PBXResourcesBuildPhase;
			buildActionMask = 2147483647;
			files = (
			);
			runOnlyForDeploymentPostprocessing = 0;
		};
/* End PBXResourcesBuildPhase section */

/* Begin PBXSourcesBuildPhase section */
		2666127E246B959300CC1D57 /* Sources */ = {
			isa = PBXSourcesBuildPhase;
			buildActionMask = 2147483647;
			files = (
				261DEA892476E70E0038DB46 /* TimePeriodPicker.swift in Sources */,
				2652C68C246CDFB300831015 /* FoodImageView.swift in Sources */,
				2652C689246CD4F900831015 /* Logger.swift in Sources */,
				26B51AC2246CBE1600862B84 /* DummyData.swift in Sources */,
				26661286246B959300CC1D57 /* AppDelegate.swift in Sources */,
				268CF5CC24750EB500896FB8 /* FoodEntryModalView.swift in Sources */,
				2652C68E246CE36D00831015 /* DataModelExtensions.swift in Sources */,
				268CF5F02475195C00896FB8 /* FoodItemRowView.swift in Sources */,
				2693D87B246DE9FA00299BD3 /* FoodEntryFormView.swift in Sources */,
				26661288246B959300CC1D57 /* SceneDelegate.swift in Sources */,
				26BF14E9246D1C5E0087BA49 /* DebuggingView.swift in Sources */,
				2666128A246B959300CC1D57 /* ContentView.swift in Sources */,
				2652C690246CEEF200831015 /* FoodItemListView.swift in Sources */,
			);
			runOnlyForDeploymentPostprocessing = 0;
		};
		26661294246B959500CC1D57 /* Sources */ = {
			isa = PBXSourcesBuildPhase;
			buildActionMask = 2147483647;
			files = (
				2666129D246B959500CC1D57 /* CalorieCountingDevAppTests.swift in Sources */,
			);
			runOnlyForDeploymentPostprocessing = 0;
		};
/* End PBXSourcesBuildPhase section */

/* Begin PBXTargetDependency section */
		26325F8F246C7A5900586A5D /* PBXTargetDependency */ = {
			isa = PBXTargetDependency;
			name = CalorieCountingKit;
			targetProxy = 26325F8E246C7A5900586A5D /* PBXContainerItemProxy */;
		};
		2666129A246B959500CC1D57 /* PBXTargetDependency */ = {
			isa = PBXTargetDependency;
			target = 26661281246B959300CC1D57 /* CalorieCountingDevApp */;
			targetProxy = 26661299246B959500CC1D57 /* PBXContainerItemProxy */;
		};
/* End PBXTargetDependency section */

/* Begin PBXVariantGroup section */
		26661290246B959400CC1D57 /* LaunchScreen.storyboard */ = {
			isa = PBXVariantGroup;
			children = (
				26661291246B959400CC1D57 /* Base */,
			);
			name = LaunchScreen.storyboard;
			sourceTree = "<group>";
		};
/* End PBXVariantGroup section */

/* Begin XCBuildConfiguration section */
		2666129F246B959500CC1D57 /* Debug */ = {
			isa = XCBuildConfiguration;
			baseConfigurationReference = 26325FB1246C7D6000586A5D /* Debug.xcconfig */;
			buildSettings = {
				ALWAYS_SEARCH_USER_PATHS = NO;
				CLANG_ANALYZER_NONNULL = YES;
				CLANG_ANALYZER_NUMBER_OBJECT_CONVERSION = YES_AGGRESSIVE;
				CLANG_CXX_LANGUAGE_STANDARD = "gnu++14";
				CLANG_CXX_LIBRARY = "libc++";
				CLANG_ENABLE_MODULES = YES;
				CLANG_ENABLE_OBJC_ARC = YES;
				CLANG_ENABLE_OBJC_WEAK = YES;
				CLANG_WARN_BLOCK_CAPTURE_AUTORELEASING = YES;
				CLANG_WARN_BOOL_CONVERSION = YES;
				CLANG_WARN_COMMA = YES;
				CLANG_WARN_CONSTANT_CONVERSION = YES;
				CLANG_WARN_DEPRECATED_OBJC_IMPLEMENTATIONS = YES;
				CLANG_WARN_DIRECT_OBJC_ISA_USAGE = YES_ERROR;
				CLANG_WARN_DOCUMENTATION_COMMENTS = YES;
				CLANG_WARN_EMPTY_BODY = YES;
				CLANG_WARN_ENUM_CONVERSION = YES;
				CLANG_WARN_INFINITE_RECURSION = YES;
				CLANG_WARN_INT_CONVERSION = YES;
				CLANG_WARN_NON_LITERAL_NULL_CONVERSION = YES;
				CLANG_WARN_OBJC_IMPLICIT_RETAIN_SELF = YES;
				CLANG_WARN_OBJC_LITERAL_CONVERSION = YES;
				CLANG_WARN_OBJC_ROOT_CLASS = YES_ERROR;
				CLANG_WARN_RANGE_LOOP_ANALYSIS = YES;
				CLANG_WARN_STRICT_PROTOTYPES = YES;
				CLANG_WARN_SUSPICIOUS_MOVE = YES;
				CLANG_WARN_UNGUARDED_AVAILABILITY = YES_AGGRESSIVE;
				CLANG_WARN_UNREACHABLE_CODE = YES;
				CLANG_WARN__DUPLICATE_METHOD_MATCH = YES;
				COPY_PHASE_STRIP = NO;
				DEBUG_INFORMATION_FORMAT = dwarf;
				ENABLE_STRICT_OBJC_MSGSEND = YES;
				ENABLE_TESTABILITY = YES;
				GCC_C_LANGUAGE_STANDARD = gnu11;
				GCC_DYNAMIC_NO_PIC = NO;
				GCC_NO_COMMON_BLOCKS = YES;
				GCC_OPTIMIZATION_LEVEL = 0;
				GCC_PREPROCESSOR_DEFINITIONS = (
					"DEBUG=1",
					"$(inherited)",
				);
				GCC_WARN_64_TO_32_BIT_CONVERSION = YES;
				GCC_WARN_ABOUT_RETURN_TYPE = YES_ERROR;
				GCC_WARN_UNDECLARED_SELECTOR = YES;
				GCC_WARN_UNINITIALIZED_AUTOS = YES_AGGRESSIVE;
				GCC_WARN_UNUSED_FUNCTION = YES;
				GCC_WARN_UNUSED_VARIABLE = YES;
				MTL_ENABLE_DEBUG_INFO = INCLUDE_SOURCE;
				MTL_FAST_MATH = YES;
				ONLY_ACTIVE_ARCH = YES;
				SDKROOT = iphoneos;
				SWIFT_ACTIVE_COMPILATION_CONDITIONS = DEBUG;
				SWIFT_OPTIMIZATION_LEVEL = "-Onone";
			};
			name = Debug;
		};
		266612A0246B959500CC1D57 /* Release */ = {
			isa = XCBuildConfiguration;
			baseConfigurationReference = 26325FAF246C7D6000586A5D /* Release.xcconfig */;
			buildSettings = {
				ALWAYS_SEARCH_USER_PATHS = NO;
				CLANG_ANALYZER_NONNULL = YES;
				CLANG_ANALYZER_NUMBER_OBJECT_CONVERSION = YES_AGGRESSIVE;
				CLANG_CXX_LANGUAGE_STANDARD = "gnu++14";
				CLANG_CXX_LIBRARY = "libc++";
				CLANG_ENABLE_MODULES = YES;
				CLANG_ENABLE_OBJC_ARC = YES;
				CLANG_ENABLE_OBJC_WEAK = YES;
				CLANG_WARN_BLOCK_CAPTURE_AUTORELEASING = YES;
				CLANG_WARN_BOOL_CONVERSION = YES;
				CLANG_WARN_COMMA = YES;
				CLANG_WARN_CONSTANT_CONVERSION = YES;
				CLANG_WARN_DEPRECATED_OBJC_IMPLEMENTATIONS = YES;
				CLANG_WARN_DIRECT_OBJC_ISA_USAGE = YES_ERROR;
				CLANG_WARN_DOCUMENTATION_COMMENTS = YES;
				CLANG_WARN_EMPTY_BODY = YES;
				CLANG_WARN_ENUM_CONVERSION = YES;
				CLANG_WARN_INFINITE_RECURSION = YES;
				CLANG_WARN_INT_CONVERSION = YES;
				CLANG_WARN_NON_LITERAL_NULL_CONVERSION = YES;
				CLANG_WARN_OBJC_IMPLICIT_RETAIN_SELF = YES;
				CLANG_WARN_OBJC_LITERAL_CONVERSION = YES;
				CLANG_WARN_OBJC_ROOT_CLASS = YES_ERROR;
				CLANG_WARN_RANGE_LOOP_ANALYSIS = YES;
				CLANG_WARN_STRICT_PROTOTYPES = YES;
				CLANG_WARN_SUSPICIOUS_MOVE = YES;
				CLANG_WARN_UNGUARDED_AVAILABILITY = YES_AGGRESSIVE;
				CLANG_WARN_UNREACHABLE_CODE = YES;
				CLANG_WARN__DUPLICATE_METHOD_MATCH = YES;
				COPY_PHASE_STRIP = NO;
				DEBUG_INFORMATION_FORMAT = "dwarf-with-dsym";
				ENABLE_NS_ASSERTIONS = NO;
				ENABLE_STRICT_OBJC_MSGSEND = YES;
				GCC_C_LANGUAGE_STANDARD = gnu11;
				GCC_NO_COMMON_BLOCKS = YES;
				GCC_WARN_64_TO_32_BIT_CONVERSION = YES;
				GCC_WARN_ABOUT_RETURN_TYPE = YES_ERROR;
				GCC_WARN_UNDECLARED_SELECTOR = YES;
				GCC_WARN_UNINITIALIZED_AUTOS = YES_AGGRESSIVE;
				GCC_WARN_UNUSED_FUNCTION = YES;
				GCC_WARN_UNUSED_VARIABLE = YES;
				MTL_ENABLE_DEBUG_INFO = NO;
				MTL_FAST_MATH = YES;
				SDKROOT = iphoneos;
				SWIFT_COMPILATION_MODE = wholemodule;
				SWIFT_OPTIMIZATION_LEVEL = "-O";
				VALIDATE_PRODUCT = YES;
			};
			name = Release;
		};
		266612A2246B959500CC1D57 /* Debug */ = {
			isa = XCBuildConfiguration;
			baseConfigurationReference = 26325FAD246C7D6000586A5D /* App.xcconfig */;
			buildSettings = {
				ASSETCATALOG_COMPILER_APPICON_NAME = AppIcon;
				CODE_SIGN_STYLE = Automatic;
				DEVELOPMENT_TEAM = M3FCT79SM9;
				ENABLE_PREVIEWS = YES;
				INFOPLIST_FILE = CalorieCountingDevApp/Info.plist;
				LD_RUNPATH_SEARCH_PATHS = (
					"$(inherited)",
					"@executable_path/Frameworks",
				);
				PRODUCT_BUNDLE_IDENTIFIER = com.smallsharptools.CalorieCountingDevApp;
				TARGETED_DEVICE_FAMILY = "1,2";
			};
			name = Debug;
		};
		266612A3246B959500CC1D57 /* Release */ = {
			isa = XCBuildConfiguration;
			baseConfigurationReference = 26325FAD246C7D6000586A5D /* App.xcconfig */;
			buildSettings = {
				ASSETCATALOG_COMPILER_APPICON_NAME = AppIcon;
				CODE_SIGN_STYLE = Automatic;
				DEVELOPMENT_TEAM = M3FCT79SM9;
				ENABLE_PREVIEWS = YES;
				INFOPLIST_FILE = CalorieCountingDevApp/Info.plist;
				LD_RUNPATH_SEARCH_PATHS = (
					"$(inherited)",
					"@executable_path/Frameworks",
				);
				PRODUCT_BUNDLE_IDENTIFIER = com.smallsharptools.CalorieCountingDevApp;
				TARGETED_DEVICE_FAMILY = "1,2";
			};
			name = Release;
		};
		266612A5246B959500CC1D57 /* Debug */ = {
			isa = XCBuildConfiguration;
			baseConfigurationReference = 26325FB0246C7D6000586A5D /* Tests.xcconfig */;
			buildSettings = {
				ALWAYS_EMBED_SWIFT_STANDARD_LIBRARIES = YES;
				BUNDLE_LOADER = "$(TEST_HOST)";
				CODE_SIGN_STYLE = Automatic;
				DEVELOPMENT_TEAM = JJUWC4MH8Y;
				INFOPLIST_FILE = CalorieCountingDevAppTests/Info.plist;
				LD_RUNPATH_SEARCH_PATHS = (
					"$(inherited)",
					"@executable_path/Frameworks",
					"@loader_path/Frameworks",
				);
				TARGETED_DEVICE_FAMILY = "1,2";
				TEST_HOST = "$(BUILT_PRODUCTS_DIR)/CalorieCountingDevApp.app/CalorieCountingDevApp";
			};
			name = Debug;
		};
		266612A6246B959500CC1D57 /* Release */ = {
			isa = XCBuildConfiguration;
			baseConfigurationReference = 26325FB0246C7D6000586A5D /* Tests.xcconfig */;
			buildSettings = {
				ALWAYS_EMBED_SWIFT_STANDARD_LIBRARIES = YES;
				BUNDLE_LOADER = "$(TEST_HOST)";
				CODE_SIGN_STYLE = Automatic;
				DEVELOPMENT_TEAM = JJUWC4MH8Y;
				INFOPLIST_FILE = CalorieCountingDevAppTests/Info.plist;
				LD_RUNPATH_SEARCH_PATHS = (
					"$(inherited)",
					"@executable_path/Frameworks",
					"@loader_path/Frameworks",
				);
				TARGETED_DEVICE_FAMILY = "1,2";
				TEST_HOST = "$(BUILT_PRODUCTS_DIR)/CalorieCountingDevApp.app/CalorieCountingDevApp";
			};
			name = Release;
		};
/* End XCBuildConfiguration section */

/* Begin XCConfigurationList section */
		2666127D246B959300CC1D57 /* Build configuration list for PBXProject "CalorieCountingDevApp" */ = {
			isa = XCConfigurationList;
			buildConfigurations = (
				2666129F246B959500CC1D57 /* Debug */,
				266612A0246B959500CC1D57 /* Release */,
			);
			defaultConfigurationIsVisible = 0;
			defaultConfigurationName = Release;
		};
		266612A1246B959500CC1D57 /* Build configuration list for PBXNativeTarget "CalorieCountingDevApp" */ = {
			isa = XCConfigurationList;
			buildConfigurations = (
				266612A2246B959500CC1D57 /* Debug */,
				266612A3246B959500CC1D57 /* Release */,
			);
			defaultConfigurationIsVisible = 0;
			defaultConfigurationName = Release;
		};
		266612A4246B959500CC1D57 /* Build configuration list for PBXNativeTarget "CalorieCountingDevAppTests" */ = {
			isa = XCConfigurationList;
			buildConfigurations = (
				266612A5246B959500CC1D57 /* Debug */,
				266612A6246B959500CC1D57 /* Release */,
			);
			defaultConfigurationIsVisible = 0;
			defaultConfigurationName = Release;
		};
/* End XCConfigurationList section */
	};
	rootObject = 2666127A246B959300CC1D57 /* Project object */;
}
